
Microsoft Visual Studio Solution File, Format Version 12.00
# Visual Studio Version 16
VisualStudioVersion = 16.0.30621.155
MinimumVisualStudioVersion = 10.0.40219.1
Project("{FAE04EC0-301F-11D3-BF4B-00C04F79EFBC}") = "Matrix", "Matrix\Matrix.csproj", "{63925A80-82CC-436E-8C5C-D59C9DA761F1}"
EndProject
Global
	GlobalSection(SolutionConfigurationPlatforms) = preSolution
		Debug|Any CPU = Debug|Any CPU
		Release|Any CPU = Release|Any CPU
	EndGlobalSection
	GlobalSection(ProjectConfigurationPlatforms) = postSolution
		{63925A80-82CC-436E-8C5C-D59C9DA761F1}.Debug|Any CPU.ActiveCfg = Debug|Any CPU
		{63925A80-82CC-436E-8C5C-D59C9DA761F1}.Debug|Any CPU.Build.0 = Debug|Any CPU
		{63925A80-82CC-436E-8C5C-D59C9DA761F1}.Release|Any CPU.ActiveCfg = Release|Any CPU
		{63925A80-82CC-436E-8C5C-D59C9DA761F1}.Release|Any CPU.Build.0 = Release|Any CPU
	EndGlobalSection
	GlobalSection(SolutionProperties) = preSolution
		HideSolutionNode = FALSE
	EndGlobalSection
	GlobalSection(ExtensibilityGlobals) = postSolution
		SolutionGuid = {9591992D-2C45-48F2-A365-6B11B694F658}
	EndGlobalSection
EndGlobal
